
Microsoft Visual Studio Solution File, Format Version 12.00
# Visual Studio Version 17
VisualStudioVersion = 17.1.32407.343
MinimumVisualStudioVersion = 10.0.40219.1
Project("{FAE04EC0-301F-11D3-BF4B-00C04F79EFBC}") = "CMS", "CMS\CMS.csproj", "{A242DB1B-9A9C-45B8-B35B-9A45CFD8375A}"
EndProject
Global
	GlobalSection(SolutionConfigurationPlatforms) = preSolution
		Debug|Any CPU = Debug|Any CPU
		Release|Any CPU = Release|Any CPU
	EndGlobalSection
	GlobalSection(ProjectConfigurationPlatforms) = postSolution
		{A242DB1B-9A9C-45B8-B35B-9A45CFD8375A}.Debug|Any CPU.ActiveCfg = Debug|Any CPU
		{A242DB1B-9A9C-45B8-B35B-9A45CFD8375A}.Debug|Any CPU.Build.0 = Debug|Any CPU
		{A242DB1B-9A9C-45B8-B35B-9A45CFD8375A}.Release|Any CPU.ActiveCfg = Release|Any CPU
		{A242DB1B-9A9C-45B8-B35B-9A45CFD8375A}.Release|Any CPU.Build.0 = Release|Any CPU
	EndGlobalSection
	GlobalSection(SolutionProperties) = preSolution
		HideSolutionNode = FALSE
	EndGlobalSection
	GlobalSection(ExtensibilityGlobals) = postSolution
		SolutionGuid = {A49E513D-89F6-4592-A928-B7F5D56703EC}
	EndGlobalSection
EndGlobal
